{
  "name": "codegen",
  "version": "1.0.0",
  "lockfileVersion": 3,
  "requires": true,
  "packages": {
    "": {
      "name": "codegen",
      "version": "1.0.0",
      "license": "MIT",
      "dependencies": {
        "html-element-attributes": "^3.4.0",
        "html-tag-names": "^2.1.0",
        "html-void-elements": "^3.0.0",
        "known-css-properties": "^0.30.0"
      }
    },
    "node_modules/html-element-attributes": {
      "version": "3.4.0",
      "resolved": "https://registry.npmjs.org/html-element-attributes/-/html-element-attributes-3.4.0.tgz",
      "integrity": "sha512-u76G07278nacmHiSKs1yxbB2se0aiuQH8uJidyDMc6har3HRpFAR/sDKrZR426p03vu7QuvPAcaLMhp4kWcRbg==",
      "funding": {
        "type": "github",
        "url": "https://github.com/sponsors/wooorm"
      }
    },
    "node_modules/html-tag-names": {
      "version": "2.1.0",
      "resolved": "https://registry.npmjs.org/html-tag-names/-/html-tag-names-2.1.0.tgz",
      "integrity": "sha512-+NhBUNvS5Ig8g8LO1DBpyapuGsu+FLcpLwmMADCntvU9IUa30++WV3GmuBHZm8Y9cHdIson/uvbQ/6jVL63XZw==",
      "funding": {
        "type": "github",
        "url": "https://github.com/sponsors/wooorm"
      }
    },
    "node_modules/html-void-elements": {
      "version": "3.0.0",
      "resolved": "https://registry.npmjs.org/html-void-elements/-/html-void-elements-3.0.0.tgz",
      "integrity": "sha512-bEqo66MRXsUGxWHV5IP0PUiAWwoEjba4VCzg0LjFJBpchPaTfyfCKTG6bc5F8ucKec3q5y6qOdGyYTSBEvhCrg==",
      "funding": {
        "type": "github",
        "url": "https://github.com/sponsors/wooorm"
      }
    },
    "node_modules/known-css-properties": {
      "version": "0.30.0",
      "resolved": "https://registry.npmjs.org/known-css-properties/-/known-css-properties-0.30.0.tgz",
      "integrity": "sha512-VSWXYUnsPu9+WYKkfmJyLKtIvaRJi1kXUqVmBACORXZQxT5oZDsoZ2vQP+bQFDnWtpI/4eq3MLoRMjI2fnLzTQ=="
    }
  }
}
